# This file was autogenerated by Stack.
# You should not edit this file by hand.
# For more information, please see the documentation at:
#   https://docs.haskellstack.org/en/stable/lock_files

packages:
- completed:
    size: 93902
    url: https://github.com/awh/yamlreference/archive/6b11e9c8100372b342bcfcce9fa19da3d387a59e.tar.gz
    cabal-file:
      size: 80206
      sha256: 5c281dd857b0abf83b30f43611fbd9ef8012f037019d076c2f9b0dca13962896
    name: YamlReference
    version: 0.10.0
    sha256: 2f23bc9de887d622c4c983b74bc27fd12613f0c164d8fb7bd823bab50f749476
    pantry-tree:
      size: 103240
      sha256: 51da3a68446b5f9adc2d93da3542ac89e0a949c694c0f4b0a215117314c36cbd
  original:
    size: 93902
    url: https://github.com/awh/yamlreference/archive/6b11e9c8100372b342bcfcce9fa19da3d387a59e.tar.gz
    sha256: 2f23bc9de887d622c4c983b74bc27fd12613f0c164d8fb7bd823bab50f749476
snapshots:
- completed:
    size: 524996
    url: https://raw.githubusercontent.com/commercialhaskell/stackage-snapshots/master/lts/14/27.yaml
    sha256: 7ea31a280c56bf36ff591a7397cc384d0dff622e7f9e4225b47d8980f019a0f0
  original: lts-14.27
